{
  "name": "flexia",
  "version": "1.0.0",
  "lockfileVersion": 1,
  "requires": true,
  "dependencies": {
    "amfe-flexible": {
      "version": "2.2.1",
      "resolved": "https://registry.npmjs.org/amfe-flexible/-/amfe-flexible-2.2.1.tgz",
      "integrity": "sha1-NT8AKJ5NOMqIoh6zhUQgMIrwtVk="
    }
  }
}
